
Microsoft Visual Studio Solution File, Format Version 12.00
# Visual Studio Version 17
VisualStudioVersion = 17.1.32319.34
MinimumVisualStudioVersion = 10.0.40219.1
Project("{9A19103F-16F7-4668-BE54-9A1E7A4F7556}") = "Strona testowa", "Strona testowa\Strona testowa.csproj", "{5DBA2777-1FD8-4595-9A09-C2877A944657}"
EndProject
Project("{9A19103F-16F7-4668-BE54-9A1E7A4F7556}") = "SeleniumTests", "SeleniumTests\SeleniumTests.csproj", "{1F32CB7C-93F8-4574-8A5A-B19C8C3F062E}"
EndProject
Global
	GlobalSection(SolutionConfigurationPlatforms) = preSolution
		Debug|Any CPU = Debug|Any CPU
		Release|Any CPU = Release|Any CPU
	EndGlobalSection
	GlobalSection(ProjectConfigurationPlatforms) = postSolution
		{5DBA2777-1FD8-4595-9A09-C2877A944657}.Debug|Any CPU.ActiveCfg = Debug|Any CPU
		{5DBA2777-1FD8-4595-9A09-C2877A944657}.Debug|Any CPU.Build.0 = Debug|Any CPU
		{5DBA2777-1FD8-4595-9A09-C2877A944657}.Release|Any CPU.ActiveCfg = Release|Any CPU
		{5DBA2777-1FD8-4595-9A09-C2877A944657}.Release|Any CPU.Build.0 = Release|Any CPU
		{1F32CB7C-93F8-4574-8A5A-B19C8C3F062E}.Debug|Any CPU.ActiveCfg = Debug|Any CPU
		{1F32CB7C-93F8-4574-8A5A-B19C8C3F062E}.Debug|Any CPU.Build.0 = Debug|Any CPU
		{1F32CB7C-93F8-4574-8A5A-B19C8C3F062E}.Release|Any CPU.ActiveCfg = Release|Any CPU
		{1F32CB7C-93F8-4574-8A5A-B19C8C3F062E}.Release|Any CPU.Build.0 = Release|Any CPU
	EndGlobalSection
	GlobalSection(SolutionProperties) = preSolution
		HideSolutionNode = FALSE
	EndGlobalSection
	GlobalSection(ExtensibilityGlobals) = postSolution
		SolutionGuid = {0049C87B-2090-4DC1-B8AF-7BF429C1ED12}
	EndGlobalSection
EndGlobal
